github.com/aromatt/netipds v0.0.0-20240523190023-cb55d441ebdb h1:bYcRr0TRJrab8v2Qc4aZsGUFB/OgO/VlrLflVal7NZo=
github.com/aromatt/netipds v0.0.0-20240523190023-cb55d441ebdb/go.mod h1:TVWwAV/IghERh+218SzJz1DfixOswt5/BhiOAUs99Hc=
github.com/aromatt/netipds v0.1.0 h1:MoyIsXbrihfx9hc/e5Nx9uRSvD1UduBfQOiVu8DdTYk=
github.com/aromatt/netipds v0.1.0/go.mod h1:TVWwAV/IghERh+218SzJz1DfixOswt5/BhiOAUs99Hc=
github.com/aromatt/netipds v0.1.1-0.20240617194333-5bd1f117024d h1:F0hyNW4aleAoERwZ9CTUXwd3PpDAQ7QLRHYQBHHQcuw=
github.com/aromatt/netipds v0.1.1-0.20240617194333-5bd1f117024d/go.mod h1:TVWwAV/IghERh+218SzJz1DfixOswt5/BhiOAUs99Hc=
github.com/aromatt/netipds v0.1.1-0.20240618043554-bdddfed3a6c7 h1:zjM3HMxReBxuFjO+fToa5J1KsRL6X6/17s866rOHs9Q=
github.com/aromatt/netipds v0.1.1-0.20240618043554-bdddfed3a6c7/go.mod h1:TVWwAV/IghERh+218SzJz1DfixOswt5/BhiOAUs99Hc=
github.com/aromatt/netipds v0.1.1 h1:Ls+AgCbvQI1rjD0JX2LJz8tBBTdy1/Trlp5toA6iCD4=
github.com/aromatt/netipds v0.1.1/go.mod h1:TVWwAV/IghERh+218SzJz1DfixOswt5/BhiOAUs99Hc=
github.com/cpuguy83/go-md2man/v2 v2.0.4 h1:wfIWP927BUkWJb2NmU/kNDYIBTh/ziUX91+lVfRxZq4=
github.com/cpuguy83/go-md2man/v2 v2.0.4/go.mod h1:tgQtvFlXSQOSOSIRvRPT7W67SCa46tRHOmNcaadrF8o=
github.com/russross/blackfriday/v2 v2.1.0 h1:JIOH55/0cWyOuilr9/qlrm0BSXldqnqwMsf35Ld67mk=
github.com/russross/blackfriday/v2 v2.1.0/go.mod h1:+Rmxgy9KzJVeS9/2gXHxylqXiyQDYRxCVz55jmeOWTM=
github.com/urfave/cli/v2 v2.27.2 h1:6e0H+AkS+zDckwPCUrZkKX38mRaau4nL2uipkJpbkcI=
github.com/urfave/cli/v2 v2.27.2/go.mod h1:g0+79LmHHATl7DAcHO99smiR/T7uGLw84w8Y42x+4eM=
github.com/xrash/smetrics v0.0.0-20240312152122-5f08fbb34913 h1:+qGGcbkzsfDQNPPe9UDgpxAWQrhbbBXOYJFQDq/dtJw=
github.com/xrash/smetrics v0.0.0-20240312152122-5f08fbb34913/go.mod h1:4aEEwZQutDLsQv2Deui4iYQ6DWTxR14g6m8Wv88+Xqk=
go4.org/netipx v0.0.0-20231129151722-fdeea329fbba h1:0b9z3AuHCjxk0x/opv64kcgZLBseWJUpBw5I82+2U4M=
go4.org/netipx v0.0.0-20231129151722-fdeea329fbba/go.mod h1:PLyyIXexvUFg3Owu6p/WfdlivPbZJsZdgWZlrGope/Y=
